
Microsoft Visual Studio Solution File, Format Version 12.00
# Visual Studio 15
VisualStudioVersion = 15.0.26730.15
MinimumVisualStudioVersion = 10.0.40219.1
Project("{2150E333-8FDC-42A3-9474-1A3956D46DE8}") = "src", "src", "{372F78A3-5DB6-4EE7-95C3-A7D01E271848}"
EndProject
Project("{2150E333-8FDC-42A3-9474-1A3956D46DE8}") = "Solution Items", "Solution Items", "{96556DD6-6382-4832-BB1D-AC2188070B69}"
EndProject
Project("{9A19103F-16F7-4668-BE54-9A1E7A4F7556}") = "NinjaCatDiscordBot", "src\NinjaCatDiscordBot\NinjaCatDiscordBot.csproj", "{1B81B399-9F00-450F-AE4A-DCC29F561136}"
EndProject
Global
	GlobalSection(SolutionConfigurationPlatforms) = preSolution
		Debug|Any CPU = Debug|Any CPU
		Private|Any CPU = Private|Any CPU
		Release|Any CPU = Release|Any CPU
	EndGlobalSection
	GlobalSection(ProjectConfigurationPlatforms) = postSolution
		{1B81B399-9F00-450F-AE4A-DCC29F561136}.Debug|Any CPU.ActiveCfg = Debug|Any CPU
		{1B81B399-9F00-450F-AE4A-DCC29F561136}.Debug|Any CPU.Build.0 = Debug|Any CPU
		{1B81B399-9F00-450F-AE4A-DCC29F561136}.Private|Any CPU.ActiveCfg = Private|Any CPU
		{1B81B399-9F00-450F-AE4A-DCC29F561136}.Private|Any CPU.Build.0 = Private|Any CPU
		{1B81B399-9F00-450F-AE4A-DCC29F561136}.Release|Any CPU.ActiveCfg = Release|Any CPU
		{1B81B399-9F00-450F-AE4A-DCC29F561136}.Release|Any CPU.Build.0 = Release|Any CPU
	EndGlobalSection
	GlobalSection(SolutionProperties) = preSolution
		HideSolutionNode = FALSE
	EndGlobalSection
	GlobalSection(NestedProjects) = preSolution
		{1B81B399-9F00-450F-AE4A-DCC29F561136} = {372F78A3-5DB6-4EE7-95C3-A7D01E271848}
	EndGlobalSection
	GlobalSection(ExtensibilityGlobals) = postSolution
		SolutionGuid = {BFE9BDE6-C12D-4988-86EB-B21746F8D1BF}
	EndGlobalSection
EndGlobal
